
Microsoft Visual Studio Solution File, Format Version 12.00
# Visual Studio Version 17
VisualStudioVersion = 17.11.35222.181
MinimumVisualStudioVersion = 10.0.40219.1
Project("{2150E333-8FDC-42A3-9474-1A3956D46DE8}") = "Task0", "Task0", "{5DEAEF2F-D491-4220-B2D3-9811DF3D6583}"
EndProject
Project("{2150E333-8FDC-42A3-9474-1A3956D46DE8}") = "Task1", "Task1", "{BAFB2E81-87B1-41F5-A399-07974944CC44}"
EndProject
Project("{2150E333-8FDC-42A3-9474-1A3956D46DE8}") = "Task2", "Task2", "{E7A4D7A1-01FC-42ED-8916-11EAA7F62832}"
EndProject
Project("{2150E333-8FDC-42A3-9474-1A3956D46DE8}") = "Task3", "Task3", "{434B3AEB-63F2-45F8-B298-E611C1BB3E8A}"
EndProject
Project("{2150E333-8FDC-42A3-9474-1A3956D46DE8}") = "Task4", "Task4", "{D93F5414-E3DD-41EA-8305-3BA5CF065218}"
EndProject
Project("{2150E333-8FDC-42A3-9474-1A3956D46DE8}") = "Task5", "Task5", "{606F0B74-A6F2-48A5-8AFE-E99B20112D2E}"
EndProject
Project("{2150E333-8FDC-42A3-9474-1A3956D46DE8}") = "Task6", "Task6", "{1B1FDA43-38FE-429A-B2FA-DFF0D011B425}"
EndProject
Project("{2150E333-8FDC-42A3-9474-1A3956D46DE8}") = "Task7", "Task7", "{B1BFF92D-265E-4EC1-A189-63B85C9AD339}"
EndProject
Project("{FAE04EC0-301F-11D3-BF4B-00C04F79EFBC}") = "Tyuiu.ZaharovVV.Sprint5.Task0.V27", "Tyuiu.ZaharovVV.Sprint5.Task0.V27\Tyuiu.ZaharovVV.Sprint5.Task0.V27.csproj", "{13047F2D-F610-49EF-8ABB-3A731AB0EF40}"
EndProject
Project("{FAE04EC0-301F-11D3-BF4B-00C04F79EFBC}") = "Tyuiu.ZaharovVV.Sprint5.Task0.V27.Lib", "Tyuiu.ZaharovVV.Sprint5.Task0.V27.Lib\Tyuiu.ZaharovVV.Sprint5.Task0.V27.Lib.csproj", "{92F156E0-2245-4A32-B5C6-783479D7AC52}"
EndProject
Project("{FAE04EC0-301F-11D3-BF4B-00C04F79EFBC}") = "Tyuiu.ZaharovVV.Sprint5.Task0.V27.Test", "Tyuiu.ZaharovVV.Sprint5.Task0.V27.Test\Tyuiu.ZaharovVV.Sprint5.Task0.V27.Test.csproj", "{A260A880-C6B2-447A-BA27-40C94DC8DBB8}"
EndProject
Project("{FAE04EC0-301F-11D3-BF4B-00C04F79EFBC}") = "Tyuiu.ZaharovVV.Sprint5.Task1.V6", "Tyuiu.ZaharovVV.Sprint5.Task1.V6\Tyuiu.ZaharovVV.Sprint5.Task1.V6.csproj", "{54DCDF02-671D-4BFA-A099-9DB06C32671D}"
EndProject
Project("{FAE04EC0-301F-11D3-BF4B-00C04F79EFBC}") = "Tyuiu.ZaharovVV.Sprint5.Task1.V6.Test", "Tyuiu.ZaharovVV.Sprint5.Task1.V6.Test\Tyuiu.ZaharovVV.Sprint5.Task1.V6.Test.csproj", "{AF9A02F3-04BC-436E-B956-F597D022F2D7}"
EndProject
Project("{FAE04EC0-301F-11D3-BF4B-00C04F79EFBC}") = "Tyuiu.ZaharovVV.Sprint5.Task1.V6.Lib", "Tyuiu.ZaharovVV.Sprint5.Task1.V6.Lib\Tyuiu.ZaharovVV.Sprint5.Task1.V6.Lib.csproj", "{AFB6CD8B-8921-445C-B835-B8264CBCA100}"
EndProject
Project("{FAE04EC0-301F-11D3-BF4B-00C04F79EFBC}") = "Tyuiu.ZaharovVV.Sprint5.Task2.V6", "Tyuiu.ZaharovVV.Sprint5.Task2.V6\Tyuiu.ZaharovVV.Sprint5.Task2.V6.csproj", "{CC563391-A55A-41A2-801B-26C527481DB6}"
EndProject
Project("{FAE04EC0-301F-11D3-BF4B-00C04F79EFBC}") = "Tyuiu.ZaharovVV.Sprint5.Task2.V6.Lib", "Tyuiu.ZaharovVV.Sprint5.Task2.V6.Lib\Tyuiu.ZaharovVV.Sprint5.Task2.V6.Lib.csproj", "{E16D49B1-18DF-4DC0-B2F2-97317D0EC950}"
EndProject
Project("{FAE04EC0-301F-11D3-BF4B-00C04F79EFBC}") = "Tyuiu.ZaharovVV.Sprint5.Task2.V6.Test", "Tyuiu.ZaharovVV.Sprint5.Task2.V6.Test\Tyuiu.ZaharovVV.Sprint5.Task2.V6.Test.csproj", "{74984D28-C388-4B44-ACAF-FCBDE56DF4CB}"
EndProject
Project("{FAE04EC0-301F-11D3-BF4B-00C04F79EFBC}") = "Tyuiu.ZaharovVV.Sprint5.Task3.V17.Lib", "Tyuiu.ZaharovVV.Sprint5.Task3.V17.Lib\Tyuiu.ZaharovVV.Sprint5.Task3.V17.Lib.csproj", "{67CD77F8-4647-4064-B8A3-656C92001189}"
EndProject
Project("{FAE04EC0-301F-11D3-BF4B-00C04F79EFBC}") = "Tyuiu.ZaharovVV.Sprint5.Task3.V17.Test", "Tyuiu.ZaharovVV.Sprint5.Task3.V17.Test\Tyuiu.ZaharovVV.Sprint5.Task3.V17.Test.csproj", "{83C4F91B-516F-4205-B6F0-3641F0883FB3}"
EndProject
Project("{FAE04EC0-301F-11D3-BF4B-00C04F79EFBC}") = "Tyuiu.ZaharovVV.Sprint5.Task3.V17", "Tyuiu.ZaharovVV.Sprint5.Task3.V17\Tyuiu.ZaharovVV.Sprint5.Task3.V17.csproj", "{4D4942EA-37BC-40B4-8E00-33864C44B2DF}"
EndProject
Global
	GlobalSection(SolutionConfigurationPlatforms) = preSolution
		Debug|Any CPU = Debug|Any CPU
		Release|Any CPU = Release|Any CPU
	EndGlobalSection
	GlobalSection(ProjectConfigurationPlatforms) = postSolution
		{13047F2D-F610-49EF-8ABB-3A731AB0EF40}.Debug|Any CPU.ActiveCfg = Debug|Any CPU
		{13047F2D-F610-49EF-8ABB-3A731AB0EF40}.Debug|Any CPU.Build.0 = Debug|Any CPU
		{13047F2D-F610-49EF-8ABB-3A731AB0EF40}.Release|Any CPU.ActiveCfg = Release|Any CPU
		{13047F2D-F610-49EF-8ABB-3A731AB0EF40}.Release|Any CPU.Build.0 = Release|Any CPU
		{92F156E0-2245-4A32-B5C6-783479D7AC52}.Debug|Any CPU.ActiveCfg = Debug|Any CPU
		{92F156E0-2245-4A32-B5C6-783479D7AC52}.Debug|Any CPU.Build.0 = Debug|Any CPU
		{92F156E0-2245-4A32-B5C6-783479D7AC52}.Release|Any CPU.ActiveCfg = Release|Any CPU
		{92F156E0-2245-4A32-B5C6-783479D7AC52}.Release|Any CPU.Build.0 = Release|Any CPU
		{A260A880-C6B2-447A-BA27-40C94DC8DBB8}.Debug|Any CPU.ActiveCfg = Debug|Any CPU
		{A260A880-C6B2-447A-BA27-40C94DC8DBB8}.Debug|Any CPU.Build.0 = Debug|Any CPU
		{A260A880-C6B2-447A-BA27-40C94DC8DBB8}.Release|Any CPU.ActiveCfg = Release|Any CPU
		{A260A880-C6B2-447A-BA27-40C94DC8DBB8}.Release|Any CPU.Build.0 = Release|Any CPU
		{54DCDF02-671D-4BFA-A099-9DB06C32671D}.Debug|Any CPU.ActiveCfg = Debug|Any CPU
		{54DCDF02-671D-4BFA-A099-9DB06C32671D}.Debug|Any CPU.Build.0 = Debug|Any CPU
		{54DCDF02-671D-4BFA-A099-9DB06C32671D}.Release|Any CPU.ActiveCfg = Release|Any CPU
		{54DCDF02-671D-4BFA-A099-9DB06C32671D}.Release|Any CPU.Build.0 = Release|Any CPU
		{AF9A02F3-04BC-436E-B956-F597D022F2D7}.Debug|Any CPU.ActiveCfg = Debug|Any CPU
		{AF9A02F3-04BC-436E-B956-F597D022F2D7}.Debug|Any CPU.Build.0 = Debug|Any CPU
		{AF9A02F3-04BC-436E-B956-F597D022F2D7}.Release|Any CPU.ActiveCfg = Release|Any CPU
		{AF9A02F3-04BC-436E-B956-F597D022F2D7}.Release|Any CPU.Build.0 = Release|Any CPU
		{AFB6CD8B-8921-445C-B835-B8264CBCA100}.Debug|Any CPU.ActiveCfg = Debug|Any CPU
		{AFB6CD8B-8921-445C-B835-B8264CBCA100}.Debug|Any CPU.Build.0 = Debug|Any CPU
		{AFB6CD8B-8921-445C-B835-B8264CBCA100}.Release|Any CPU.ActiveCfg = Release|Any CPU
		{AFB6CD8B-8921-445C-B835-B8264CBCA100}.Release|Any CPU.Build.0 = Release|Any CPU
		{CC563391-A55A-41A2-801B-26C527481DB6}.Debug|Any CPU.ActiveCfg = Debug|Any CPU
		{CC563391-A55A-41A2-801B-26C527481DB6}.Debug|Any CPU.Build.0 = Debug|Any CPU
		{CC563391-A55A-41A2-801B-26C527481DB6}.Release|Any CPU.ActiveCfg = Release|Any CPU
		{CC563391-A55A-41A2-801B-26C527481DB6}.Release|Any CPU.Build.0 = Release|Any CPU
		{E16D49B1-18DF-4DC0-B2F2-97317D0EC950}.Debug|Any CPU.ActiveCfg = Debug|Any CPU
		{E16D49B1-18DF-4DC0-B2F2-97317D0EC950}.Debug|Any CPU.Build.0 = Debug|Any CPU
		{E16D49B1-18DF-4DC0-B2F2-97317D0EC950}.Release|Any CPU.ActiveCfg = Release|Any CPU
		{E16D49B1-18DF-4DC0-B2F2-97317D0EC950}.Release|Any CPU.Build.0 = Release|Any CPU
		{74984D28-C388-4B44-ACAF-FCBDE56DF4CB}.Debug|Any CPU.ActiveCfg = Debug|Any CPU
		{74984D28-C388-4B44-ACAF-FCBDE56DF4CB}.Debug|Any CPU.Build.0 = Debug|Any CPU
		{74984D28-C388-4B44-ACAF-FCBDE56DF4CB}.Release|Any CPU.ActiveCfg = Release|Any CPU
		{74984D28-C388-4B44-ACAF-FCBDE56DF4CB}.Release|Any CPU.Build.0 = Release|Any CPU
		{67CD77F8-4647-4064-B8A3-656C92001189}.Debug|Any CPU.ActiveCfg = Debug|Any CPU
		{67CD77F8-4647-4064-B8A3-656C92001189}.Debug|Any CPU.Build.0 = Debug|Any CPU
		{67CD77F8-4647-4064-B8A3-656C92001189}.Release|Any CPU.ActiveCfg = Release|Any CPU
		{67CD77F8-4647-4064-B8A3-656C92001189}.Release|Any CPU.Build.0 = Release|Any CPU
		{83C4F91B-516F-4205-B6F0-3641F0883FB3}.Debug|Any CPU.ActiveCfg = Debug|Any CPU
		{83C4F91B-516F-4205-B6F0-3641F0883FB3}.Debug|Any CPU.Build.0 = Debug|Any CPU
		{83C4F91B-516F-4205-B6F0-3641F0883FB3}.Release|Any CPU.ActiveCfg = Release|Any CPU
		{83C4F91B-516F-4205-B6F0-3641F0883FB3}.Release|Any CPU.Build.0 = Release|Any CPU
		{4D4942EA-37BC-40B4-8E00-33864C44B2DF}.Debug|Any CPU.ActiveCfg = Debug|Any CPU
		{4D4942EA-37BC-40B4-8E00-33864C44B2DF}.Debug|Any CPU.Build.0 = Debug|Any CPU
		{4D4942EA-37BC-40B4-8E00-33864C44B2DF}.Release|Any CPU.ActiveCfg = Release|Any CPU
		{4D4942EA-37BC-40B4-8E00-33864C44B2DF}.Release|Any CPU.Build.0 = Release|Any CPU
	EndGlobalSection
	GlobalSection(SolutionProperties) = preSolution
		HideSolutionNode = FALSE
	EndGlobalSection
	GlobalSection(NestedProjects) = preSolution
		{13047F2D-F610-49EF-8ABB-3A731AB0EF40} = {5DEAEF2F-D491-4220-B2D3-9811DF3D6583}
		{92F156E0-2245-4A32-B5C6-783479D7AC52} = {5DEAEF2F-D491-4220-B2D3-9811DF3D6583}
		{A260A880-C6B2-447A-BA27-40C94DC8DBB8} = {5DEAEF2F-D491-4220-B2D3-9811DF3D6583}
		{54DCDF02-671D-4BFA-A099-9DB06C32671D} = {BAFB2E81-87B1-41F5-A399-07974944CC44}
		{AF9A02F3-04BC-436E-B956-F597D022F2D7} = {BAFB2E81-87B1-41F5-A399-07974944CC44}
		{AFB6CD8B-8921-445C-B835-B8264CBCA100} = {BAFB2E81-87B1-41F5-A399-07974944CC44}
		{CC563391-A55A-41A2-801B-26C527481DB6} = {E7A4D7A1-01FC-42ED-8916-11EAA7F62832}
		{E16D49B1-18DF-4DC0-B2F2-97317D0EC950} = {E7A4D7A1-01FC-42ED-8916-11EAA7F62832}
		{74984D28-C388-4B44-ACAF-FCBDE56DF4CB} = {E7A4D7A1-01FC-42ED-8916-11EAA7F62832}
		{67CD77F8-4647-4064-B8A3-656C92001189} = {434B3AEB-63F2-45F8-B298-E611C1BB3E8A}
		{83C4F91B-516F-4205-B6F0-3641F0883FB3} = {434B3AEB-63F2-45F8-B298-E611C1BB3E8A}
		{4D4942EA-37BC-40B4-8E00-33864C44B2DF} = {434B3AEB-63F2-45F8-B298-E611C1BB3E8A}
	EndGlobalSection
	GlobalSection(ExtensibilityGlobals) = postSolution
		SolutionGuid = {3EE1D258-1E94-4C29-AF39-2A5055E4AD91}
	EndGlobalSection
EndGlobal
